
Microsoft Visual Studio Solution File, Format Version 12.00
# Visual Studio 15
Project("{FAE04EC0-301F-11D3-BF4B-00C04F79EFBC}") = "Assembly-CSharp", "Assembly-CSharp.csproj", "{56F0DA01-6159-9929-E57A-ECA230B5C192}"
EndProject
Project("{FAE04EC0-301F-11D3-BF4B-00C04F79EFBC}") = "Assembly-CSharp-Editor", "Assembly-CSharp-Editor.csproj", "{FB77EEC6-8ED2-95C1-0AC2-3820C599FEE3}"
EndProject
Project("{FAE04EC0-301F-11D3-BF4B-00C04F79EFBC}") = "Assembly-CSharp", "Assembly-CSharp.Player.csproj", "{B279566F-6C8A-7139-2178-D173D0BE6DD8}"
EndProject
Global
	GlobalSection(SolutionConfigurationPlatforms) = preSolution
		Debug|Any CPU = Debug|Any CPU
		Release|Any CPU = Release|Any CPU
	EndGlobalSection
	GlobalSection(ProjectConfigurationPlatforms) = postSolution
		{56F0DA01-6159-9929-E57A-ECA230B5C192}.Debug|Any CPU.ActiveCfg = Debug|Any CPU
		{56F0DA01-6159-9929-E57A-ECA230B5C192}.Debug|Any CPU.Build.0 = Debug|Any CPU
		{56F0DA01-6159-9929-E57A-ECA230B5C192}.Release|Any CPU.ActiveCfg = Release|Any CPU
		{56F0DA01-6159-9929-E57A-ECA230B5C192}.Release|Any CPU.Build.0 = Release|Any CPU
		{FB77EEC6-8ED2-95C1-0AC2-3820C599FEE3}.Debug|Any CPU.ActiveCfg = Debug|Any CPU
		{FB77EEC6-8ED2-95C1-0AC2-3820C599FEE3}.Debug|Any CPU.Build.0 = Debug|Any CPU
		{FB77EEC6-8ED2-95C1-0AC2-3820C599FEE3}.Release|Any CPU.ActiveCfg = Release|Any CPU
		{FB77EEC6-8ED2-95C1-0AC2-3820C599FEE3}.Release|Any CPU.Build.0 = Release|Any CPU
		{B279566F-6C8A-7139-2178-D173D0BE6DD8}.Debug|Any CPU.ActiveCfg = Debug|Any CPU
		{B279566F-6C8A-7139-2178-D173D0BE6DD8}.Debug|Any CPU.Build.0 = Debug|Any CPU
		{B279566F-6C8A-7139-2178-D173D0BE6DD8}.Release|Any CPU.ActiveCfg = Release|Any CPU
		{B279566F-6C8A-7139-2178-D173D0BE6DD8}.Release|Any CPU.Build.0 = Release|Any CPU
	EndGlobalSection
	GlobalSection(SolutionProperties) = preSolution
		HideSolutionNode = FALSE
	EndGlobalSection
EndGlobal
